
Microsoft Visual Studio Solution File, Format Version 12.00
# Visual Studio 2012
Project("{2150E333-8FDC-42A3-9474-1A3956D46DE8}") = "Liqueur Core Framework", "Liqueur Core Framework", "{9191161F-ABDC-481E-A5E1-EEF73D56A9F5}"
	ProjectSection(SolutionItems) = preProject
		LICENSE.txt = LICENSE.txt
		README.md = README.md
	EndProjectSection
EndProject
Project("{FAE04EC0-301F-11D3-BF4B-00C04F79EFBC}") = "Daramkun.Liqueur.Core", "Daramkun.Liqueur.Core\Daramkun.Liqueur.Core.csproj", "{032EC8FF-8AA5-4ACE-8147-D7F0FCECFF04}"
EndProject
Project("{2150E333-8FDC-42A3-9474-1A3956D46DE8}") = "Liqueur Platform Framework", "Liqueur Platform Framework", "{3DEA67BC-DF8C-4A97-815F-986ED100D632}"
EndProject
Project("{FAE04EC0-301F-11D3-BF4B-00C04F79EFBC}") = "Daramkun.Liqueur.Platforms.OpenTK", "Daramkun.Liqueur.Platforms.OpenTK\Daramkun.Liqueur.Platforms.OpenTK.csproj", "{B4799777-35C6-44F0-B18A-350A9BCEF41E}"
EndProject
Project("{FAE04EC0-301F-11D3-BF4B-00C04F79EFBC}") = "Daramkun.Liqueur.Platforms.Android", "Daramkun.Liqueur.Platforms.Android\Daramkun.Liqueur.Platforms.Android.csproj", "{91203286-A79C-45C2-8F10-705E11B6319C}"
EndProject
Project("{FAE04EC0-301F-11D3-BF4B-00C04F79EFBC}") = "Daramkun.Liqueur.Platforms.iOS", "Daramkun.Liqueur.Platforms.iOS\Daramkun.Liqueur.Platforms.iOS.csproj", "{E670B6A4-7534-4881-BD56-581ED53729B6}"
EndProject
Project("{2150E333-8FDC-42A3-9474-1A3956D46DE8}") = "Liqueur Tools", "Liqueur Tools", "{21911A67-C1D8-4F4F-BC1B-C70FE72FBB87}"
EndProject
Project("{2150E333-8FDC-42A3-9474-1A3956D46DE8}") = "Test Project", "Test Project", "{6F77F08E-9740-4377-AFD9-2D671D0C1021}"
EndProject
Project("{FAE04EC0-301F-11D3-BF4B-00C04F79EFBC}") = "Test.Windows.CSharp", "Test.Windows.CSharp\Test.Windows.CSharp.csproj", "{66C55269-B644-42A5-9782-147537C6FE77}"
EndProject
Project("{FAE04EC0-301F-11D3-BF4B-00C04F79EFBC}") = "Test.Android.CSharp", "Test.Android.CSharp\Test.Android.CSharp.csproj", "{1DE525B0-5AD3-4660-A642-59EA1FC683E7}"
EndProject
Project("{2150E333-8FDC-42A3-9474-1A3956D46DE8}") = "Liqueur Super Framework", "Liqueur Super Framework", "{1F942A10-9436-44CB-8CF7-F775088432FD}"
EndProject
Project("{FAE04EC0-301F-11D3-BF4B-00C04F79EFBC}") = "Daramkun.Liqueur.Engine.Spirit", "Daramkun.Liqueur.Engine.Spirit\Daramkun.Liqueur.Engine.Spirit.csproj", "{5037F5CA-5FB2-47E3-AF5C-81D40EC439A9}"
EndProject
Project("{2150E333-8FDC-42A3-9474-1A3956D46DE8}") = "Liqueur Platform Subframework", "Liqueur Platform Subframework", "{B820D9C8-3DDC-4514-AC4A-DB0E00AF060B}"
EndProject
Project("{FAE04EC0-301F-11D3-BF4B-00C04F79EFBC}") = "Daramkun.Liqueur.Decoders.Windows.MF", "Daramkun.Liqueur.Decoders.Windows.MF\Daramkun.Liqueur.Decoders.Windows.MF.csproj", "{8DAB5FF6-8BCD-4A36-B551-32665AED72BE}"
EndProject
Project("{FAE04EC0-301F-11D3-BF4B-00C04F79EFBC}") = "Daramkun.Liqueur.Inputs.Windows.XInput", "Daramkun.Liqueur.Inputs.Windows.XInput\Daramkun.Liqueur.Inputs.Windows.XInput.csproj", "{7689BA77-BAAD-4949-8B89-6EBE57C57447}"
EndProject
Project("{FAE04EC0-301F-11D3-BF4B-00C04F79EFBC}") = "Daramkun.Liqueur.Tools.Lemon", "Daramkun.Liqueur.Tools.Lemon\Daramkun.Liqueur.Tools.Lemon.csproj", "{604F7C7C-829C-4FF2-89AC-282DEFF86703}"
EndProject
Project("{FAE04EC0-301F-11D3-BF4B-00C04F79EFBC}") = "Test.Game.Dodge", "Test.Game.Dodge\Test.Game.Dodge.csproj", "{1ED93C3F-E2DA-4AEA-95E5-55400E61D152}"
EndProject
Global
	GlobalSection(SolutionConfigurationPlatforms) = preSolution
		Debug|Any CPU = Debug|Any CPU
		Debug|Mixed Platforms = Debug|Mixed Platforms
		Debug|Windows Phone = Debug|Windows Phone
		Release|Any CPU = Release|Any CPU
		Release|Mixed Platforms = Release|Mixed Platforms
		Release|Windows Phone = Release|Windows Phone
	EndGlobalSection
	GlobalSection(ProjectConfigurationPlatforms) = postSolution
		{032EC8FF-8AA5-4ACE-8147-D7F0FCECFF04}.Debug|Any CPU.ActiveCfg = Debug|Any CPU
		{032EC8FF-8AA5-4ACE-8147-D7F0FCECFF04}.Debug|Any CPU.Build.0 = Debug|Any CPU
		{032EC8FF-8AA5-4ACE-8147-D7F0FCECFF04}.Debug|Mixed Platforms.ActiveCfg = Debug|Any CPU
		{032EC8FF-8AA5-4ACE-8147-D7F0FCECFF04}.Debug|Mixed Platforms.Build.0 = Debug|Any CPU
		{032EC8FF-8AA5-4ACE-8147-D7F0FCECFF04}.Debug|Windows Phone.ActiveCfg = Debug|Any CPU
		{032EC8FF-8AA5-4ACE-8147-D7F0FCECFF04}.Release|Any CPU.ActiveCfg = Release|Any CPU
		{032EC8FF-8AA5-4ACE-8147-D7F0FCECFF04}.Release|Any CPU.Build.0 = Release|Any CPU
		{032EC8FF-8AA5-4ACE-8147-D7F0FCECFF04}.Release|Mixed Platforms.ActiveCfg = Release|Any CPU
		{032EC8FF-8AA5-4ACE-8147-D7F0FCECFF04}.Release|Mixed Platforms.Build.0 = Release|Any CPU
		{032EC8FF-8AA5-4ACE-8147-D7F0FCECFF04}.Release|Windows Phone.ActiveCfg = Release|Any CPU
		{B4799777-35C6-44F0-B18A-350A9BCEF41E}.Debug|Any CPU.ActiveCfg = Debug|Any CPU
		{B4799777-35C6-44F0-B18A-350A9BCEF41E}.Debug|Any CPU.Build.0 = Debug|Any CPU
		{B4799777-35C6-44F0-B18A-350A9BCEF41E}.Debug|Mixed Platforms.ActiveCfg = Debug|Any CPU
		{B4799777-35C6-44F0-B18A-350A9BCEF41E}.Debug|Mixed Platforms.Build.0 = Debug|Any CPU
		{B4799777-35C6-44F0-B18A-350A9BCEF41E}.Debug|Windows Phone.ActiveCfg = Debug|Any CPU
		{B4799777-35C6-44F0-B18A-350A9BCEF41E}.Release|Any CPU.ActiveCfg = Release|Any CPU
		{B4799777-35C6-44F0-B18A-350A9BCEF41E}.Release|Any CPU.Build.0 = Release|Any CPU
		{B4799777-35C6-44F0-B18A-350A9BCEF41E}.Release|Mixed Platforms.ActiveCfg = Release|Any CPU
		{B4799777-35C6-44F0-B18A-350A9BCEF41E}.Release|Mixed Platforms.Build.0 = Release|Any CPU
		{B4799777-35C6-44F0-B18A-350A9BCEF41E}.Release|Windows Phone.ActiveCfg = Release|Any CPU
		{91203286-A79C-45C2-8F10-705E11B6319C}.Debug|Any CPU.ActiveCfg = Debug|Any CPU
		{91203286-A79C-45C2-8F10-705E11B6319C}.Debug|Any CPU.Build.0 = Debug|Any CPU
		{91203286-A79C-45C2-8F10-705E11B6319C}.Debug|Mixed Platforms.ActiveCfg = Debug|Any CPU
		{91203286-A79C-45C2-8F10-705E11B6319C}.Debug|Mixed Platforms.Build.0 = Debug|Any CPU
		{91203286-A79C-45C2-8F10-705E11B6319C}.Debug|Windows Phone.ActiveCfg = Debug|Any CPU
		{91203286-A79C-45C2-8F10-705E11B6319C}.Release|Any CPU.ActiveCfg = Release|Any CPU
		{91203286-A79C-45C2-8F10-705E11B6319C}.Release|Any CPU.Build.0 = Release|Any CPU
		{91203286-A79C-45C2-8F10-705E11B6319C}.Release|Mixed Platforms.ActiveCfg = Release|Any CPU
		{91203286-A79C-45C2-8F10-705E11B6319C}.Release|Mixed Platforms.Build.0 = Release|Any CPU
		{91203286-A79C-45C2-8F10-705E11B6319C}.Release|Windows Phone.ActiveCfg = Release|Any CPU
		{E670B6A4-7534-4881-BD56-581ED53729B6}.Debug|Any CPU.ActiveCfg = Debug|Any CPU
		{E670B6A4-7534-4881-BD56-581ED53729B6}.Debug|Any CPU.Build.0 = Debug|Any CPU
		{E670B6A4-7534-4881-BD56-581ED53729B6}.Debug|Mixed Platforms.ActiveCfg = Debug|Any CPU
		{E670B6A4-7534-4881-BD56-581ED53729B6}.Debug|Mixed Platforms.Build.0 = Debug|Any CPU
		{E670B6A4-7534-4881-BD56-581ED53729B6}.Debug|Windows Phone.ActiveCfg = Debug|Any CPU
		{E670B6A4-7534-4881-BD56-581ED53729B6}.Debug|Windows Phone.Build.0 = Debug|Any CPU
		{E670B6A4-7534-4881-BD56-581ED53729B6}.Release|Any CPU.ActiveCfg = Release|Any CPU
		{E670B6A4-7534-4881-BD56-581ED53729B6}.Release|Any CPU.Build.0 = Release|Any CPU
		{E670B6A4-7534-4881-BD56-581ED53729B6}.Release|Mixed Platforms.ActiveCfg = Release|Any CPU
		{E670B6A4-7534-4881-BD56-581ED53729B6}.Release|Mixed Platforms.Build.0 = Release|Any CPU
		{E670B6A4-7534-4881-BD56-581ED53729B6}.Release|Windows Phone.ActiveCfg = Release|Any CPU
		{E670B6A4-7534-4881-BD56-581ED53729B6}.Release|Windows Phone.Build.0 = Release|Any CPU
		{66C55269-B644-42A5-9782-147537C6FE77}.Debug|Any CPU.ActiveCfg = Debug|Any CPU
		{66C55269-B644-42A5-9782-147537C6FE77}.Debug|Any CPU.Build.0 = Debug|Any CPU
		{66C55269-B644-42A5-9782-147537C6FE77}.Debug|Mixed Platforms.ActiveCfg = Debug|Any CPU
		{66C55269-B644-42A5-9782-147537C6FE77}.Debug|Mixed Platforms.Build.0 = Debug|Any CPU
		{66C55269-B644-42A5-9782-147537C6FE77}.Debug|Windows Phone.ActiveCfg = Debug|Any CPU
		{66C55269-B644-42A5-9782-147537C6FE77}.Release|Any CPU.ActiveCfg = Release|Any CPU
		{66C55269-B644-42A5-9782-147537C6FE77}.Release|Any CPU.Build.0 = Release|Any CPU
		{66C55269-B644-42A5-9782-147537C6FE77}.Release|Mixed Platforms.ActiveCfg = Release|Any CPU
		{66C55269-B644-42A5-9782-147537C6FE77}.Release|Mixed Platforms.Build.0 = Release|Any CPU
		{66C55269-B644-42A5-9782-147537C6FE77}.Release|Windows Phone.ActiveCfg = Release|Any CPU
		{1DE525B0-5AD3-4660-A642-59EA1FC683E7}.Debug|Any CPU.ActiveCfg = Debug|Any CPU
		{1DE525B0-5AD3-4660-A642-59EA1FC683E7}.Debug|Any CPU.Build.0 = Debug|Any CPU
		{1DE525B0-5AD3-4660-A642-59EA1FC683E7}.Debug|Mixed Platforms.ActiveCfg = Debug|Any CPU
		{1DE525B0-5AD3-4660-A642-59EA1FC683E7}.Debug|Mixed Platforms.Build.0 = Debug|Any CPU
		{1DE525B0-5AD3-4660-A642-59EA1FC683E7}.Debug|Windows Phone.ActiveCfg = Debug|Any CPU
		{1DE525B0-5AD3-4660-A642-59EA1FC683E7}.Debug|Windows Phone.Build.0 = Debug|Any CPU
		{1DE525B0-5AD3-4660-A642-59EA1FC683E7}.Release|Any CPU.ActiveCfg = Release|Any CPU
		{1DE525B0-5AD3-4660-A642-59EA1FC683E7}.Release|Any CPU.Build.0 = Release|Any CPU
		{1DE525B0-5AD3-4660-A642-59EA1FC683E7}.Release|Mixed Platforms.ActiveCfg = Release|Any CPU
		{1DE525B0-5AD3-4660-A642-59EA1FC683E7}.Release|Mixed Platforms.Build.0 = Release|Any CPU
		{1DE525B0-5AD3-4660-A642-59EA1FC683E7}.Release|Windows Phone.ActiveCfg = Release|Any CPU
		{1DE525B0-5AD3-4660-A642-59EA1FC683E7}.Release|Windows Phone.Build.0 = Release|Any CPU
		{5037F5CA-5FB2-47E3-AF5C-81D40EC439A9}.Debug|Any CPU.ActiveCfg = Debug|Any CPU
		{5037F5CA-5FB2-47E3-AF5C-81D40EC439A9}.Debug|Any CPU.Build.0 = Debug|Any CPU
		{5037F5CA-5FB2-47E3-AF5C-81D40EC439A9}.Debug|Mixed Platforms.ActiveCfg = Debug|Any CPU
		{5037F5CA-5FB2-47E3-AF5C-81D40EC439A9}.Debug|Mixed Platforms.Build.0 = Debug|Any CPU
		{5037F5CA-5FB2-47E3-AF5C-81D40EC439A9}.Debug|Windows Phone.ActiveCfg = Debug|Any CPU
		{5037F5CA-5FB2-47E3-AF5C-81D40EC439A9}.Release|Any CPU.ActiveCfg = Release|Any CPU
		{5037F5CA-5FB2-47E3-AF5C-81D40EC439A9}.Release|Any CPU.Build.0 = Release|Any CPU
		{5037F5CA-5FB2-47E3-AF5C-81D40EC439A9}.Release|Mixed Platforms.ActiveCfg = Release|Any CPU
		{5037F5CA-5FB2-47E3-AF5C-81D40EC439A9}.Release|Mixed Platforms.Build.0 = Release|Any CPU
		{5037F5CA-5FB2-47E3-AF5C-81D40EC439A9}.Release|Windows Phone.ActiveCfg = Release|Any CPU
		{8DAB5FF6-8BCD-4A36-B551-32665AED72BE}.Debug|Any CPU.ActiveCfg = Debug|Any CPU
		{8DAB5FF6-8BCD-4A36-B551-32665AED72BE}.Debug|Any CPU.Build.0 = Debug|Any CPU
		{8DAB5FF6-8BCD-4A36-B551-32665AED72BE}.Debug|Mixed Platforms.ActiveCfg = Debug|Any CPU
		{8DAB5FF6-8BCD-4A36-B551-32665AED72BE}.Debug|Mixed Platforms.Build.0 = Debug|Any CPU
		{8DAB5FF6-8BCD-4A36-B551-32665AED72BE}.Debug|Windows Phone.ActiveCfg = Debug|Any CPU
		{8DAB5FF6-8BCD-4A36-B551-32665AED72BE}.Release|Any CPU.ActiveCfg = Release|Any CPU
		{8DAB5FF6-8BCD-4A36-B551-32665AED72BE}.Release|Any CPU.Build.0 = Release|Any CPU
		{8DAB5FF6-8BCD-4A36-B551-32665AED72BE}.Release|Mixed Platforms.ActiveCfg = Release|Any CPU
		{8DAB5FF6-8BCD-4A36-B551-32665AED72BE}.Release|Mixed Platforms.Build.0 = Release|Any CPU
		{8DAB5FF6-8BCD-4A36-B551-32665AED72BE}.Release|Windows Phone.ActiveCfg = Release|Any CPU
		{7689BA77-BAAD-4949-8B89-6EBE57C57447}.Debug|Any CPU.ActiveCfg = Debug|Any CPU
		{7689BA77-BAAD-4949-8B89-6EBE57C57447}.Debug|Any CPU.Build.0 = Debug|Any CPU
		{7689BA77-BAAD-4949-8B89-6EBE57C57447}.Debug|Mixed Platforms.ActiveCfg = Debug|Any CPU
		{7689BA77-BAAD-4949-8B89-6EBE57C57447}.Debug|Mixed Platforms.Build.0 = Debug|Any CPU
		{7689BA77-BAAD-4949-8B89-6EBE57C57447}.Debug|Windows Phone.ActiveCfg = Debug|Any CPU
		{7689BA77-BAAD-4949-8B89-6EBE57C57447}.Release|Any CPU.ActiveCfg = Release|Any CPU
		{7689BA77-BAAD-4949-8B89-6EBE57C57447}.Release|Any CPU.Build.0 = Release|Any CPU
		{7689BA77-BAAD-4949-8B89-6EBE57C57447}.Release|Mixed Platforms.ActiveCfg = Release|Any CPU
		{7689BA77-BAAD-4949-8B89-6EBE57C57447}.Release|Mixed Platforms.Build.0 = Release|Any CPU
		{7689BA77-BAAD-4949-8B89-6EBE57C57447}.Release|Windows Phone.ActiveCfg = Release|Any CPU
		{604F7C7C-829C-4FF2-89AC-282DEFF86703}.Debug|Any CPU.ActiveCfg = Debug|Any CPU
		{604F7C7C-829C-4FF2-89AC-282DEFF86703}.Debug|Any CPU.Build.0 = Debug|Any CPU
		{604F7C7C-829C-4FF2-89AC-282DEFF86703}.Debug|Mixed Platforms.ActiveCfg = Debug|Any CPU
		{604F7C7C-829C-4FF2-89AC-282DEFF86703}.Debug|Mixed Platforms.Build.0 = Debug|Any CPU
		{604F7C7C-829C-4FF2-89AC-282DEFF86703}.Debug|Windows Phone.ActiveCfg = Debug|Any CPU
		{604F7C7C-829C-4FF2-89AC-282DEFF86703}.Release|Any CPU.ActiveCfg = Release|Any CPU
		{604F7C7C-829C-4FF2-89AC-282DEFF86703}.Release|Any CPU.Build.0 = Release|Any CPU
		{604F7C7C-829C-4FF2-89AC-282DEFF86703}.Release|Mixed Platforms.ActiveCfg = Release|Any CPU
		{604F7C7C-829C-4FF2-89AC-282DEFF86703}.Release|Mixed Platforms.Build.0 = Release|Any CPU
		{604F7C7C-829C-4FF2-89AC-282DEFF86703}.Release|Windows Phone.ActiveCfg = Release|Any CPU
		{1ED93C3F-E2DA-4AEA-95E5-55400E61D152}.Debug|Any CPU.ActiveCfg = Debug|Any CPU
		{1ED93C3F-E2DA-4AEA-95E5-55400E61D152}.Debug|Any CPU.Build.0 = Debug|Any CPU
		{1ED93C3F-E2DA-4AEA-95E5-55400E61D152}.Debug|Mixed Platforms.ActiveCfg = Debug|Any CPU
		{1ED93C3F-E2DA-4AEA-95E5-55400E61D152}.Debug|Mixed Platforms.Build.0 = Debug|Any CPU
		{1ED93C3F-E2DA-4AEA-95E5-55400E61D152}.Debug|Windows Phone.ActiveCfg = Debug|Any CPU
		{1ED93C3F-E2DA-4AEA-95E5-55400E61D152}.Release|Any CPU.ActiveCfg = Release|Any CPU
		{1ED93C3F-E2DA-4AEA-95E5-55400E61D152}.Release|Any CPU.Build.0 = Release|Any CPU
		{1ED93C3F-E2DA-4AEA-95E5-55400E61D152}.Release|Mixed Platforms.ActiveCfg = Release|Any CPU
		{1ED93C3F-E2DA-4AEA-95E5-55400E61D152}.Release|Mixed Platforms.Build.0 = Release|Any CPU
		{1ED93C3F-E2DA-4AEA-95E5-55400E61D152}.Release|Windows Phone.ActiveCfg = Release|Any CPU
	EndGlobalSection
	GlobalSection(SolutionProperties) = preSolution
		HideSolutionNode = FALSE
	EndGlobalSection
	GlobalSection(NestedProjects) = preSolution
		{032EC8FF-8AA5-4ACE-8147-D7F0FCECFF04} = {9191161F-ABDC-481E-A5E1-EEF73D56A9F5}
		{B4799777-35C6-44F0-B18A-350A9BCEF41E} = {3DEA67BC-DF8C-4A97-815F-986ED100D632}
		{91203286-A79C-45C2-8F10-705E11B6319C} = {3DEA67BC-DF8C-4A97-815F-986ED100D632}
		{E670B6A4-7534-4881-BD56-581ED53729B6} = {3DEA67BC-DF8C-4A97-815F-986ED100D632}
		{604F7C7C-829C-4FF2-89AC-282DEFF86703} = {21911A67-C1D8-4F4F-BC1B-C70FE72FBB87}
		{66C55269-B644-42A5-9782-147537C6FE77} = {6F77F08E-9740-4377-AFD9-2D671D0C1021}
		{1DE525B0-5AD3-4660-A642-59EA1FC683E7} = {6F77F08E-9740-4377-AFD9-2D671D0C1021}
		{1ED93C3F-E2DA-4AEA-95E5-55400E61D152} = {6F77F08E-9740-4377-AFD9-2D671D0C1021}
		{5037F5CA-5FB2-47E3-AF5C-81D40EC439A9} = {1F942A10-9436-44CB-8CF7-F775088432FD}
		{8DAB5FF6-8BCD-4A36-B551-32665AED72BE} = {B820D9C8-3DDC-4514-AC4A-DB0E00AF060B}
		{7689BA77-BAAD-4949-8B89-6EBE57C57447} = {B820D9C8-3DDC-4514-AC4A-DB0E00AF060B}
	EndGlobalSection
	GlobalSection(MonoDevelopProperties) = preSolution
		StartupItem = Test.Windows.CSharp\Test.Windows.CSharp.csproj
	EndGlobalSection
EndGlobal
