
Microsoft Visual Studio Solution File, Format Version 12.00
# Visual Studio 2012
Project("{2150E333-8FDC-42A3-9474-1A3956D46DE8}") = "Test Projects", "Test Projects", "{BA15110C-D757-46D7-B54A-7C4AC8583E00}"
EndProject
Project("{FAE04EC0-301F-11D3-BF4B-00C04F79EFBC}") = "Test", "Test\Test.csproj", "{EC7CB821-7B35-4CD5-A43C-A2E2AEAC6FBF}"
EndProject
Project("{2150E333-8FDC-42A3-9474-1A3956D46DE8}") = "Project Liqueur", "Project Liqueur", "{E79D6755-96EB-4D1A-AF91-E618D57861A1}"
EndProject
Project("{FAE04EC0-301F-11D3-BF4B-00C04F79EFBC}") = "Daramkun.Liqueur.Core", "Daramkun.Liqueur.Core\Daramkun.Liqueur.Core.csproj", "{24D173E0-CAFD-43D5-B1B8-1C76C08421C1}"
EndProject
Project("{FAE04EC0-301F-11D3-BF4B-00C04F79EFBC}") = "Daramkun.Liqueur.Platforms.OpenTK", "Daramkun.Liqueur.Platforms\Daramkun.Liqueur.Platforms.OpenTK.csproj", "{2B207CEC-300C-4E87-A1DB-75188B3D2F9A}"
EndProject
Project("{FAE04EC0-301F-11D3-BF4B-00C04F79EFBC}") = "Daramkun.Liqueur.Platforms.Xna.WindowsPhone", "Daramkun.Liqueur.Platforms\Daramkun.Liqueur.Platforms.Xna.WindowsPhone.csproj", "{7F7FB677-C090-466E-8176-1AEC46DFB6E4}"
EndProject
Project("{FAE04EC0-301F-11D3-BF4B-00C04F79EFBC}") = "Daramkun.Liqueur.Platforms.WindowsMetro", "Daramkun.Liqueur.Platforms\Daramkun.Liqueur.Platforms.WindowsMetro.csproj", "{39AAA6B5-CD1C-4A4B-9B36-1198EB8F1200}"
EndProject
Project("{2150E333-8FDC-42A3-9474-1A3956D46DE8}") = "Project Liqueur Tools", "Project Liqueur Tools", "{0CD45BE8-C574-49A2-89CB-0C6B8A01F823}"
EndProject
Project("{FAE04EC0-301F-11D3-BF4B-00C04F79EFBC}") = "Daramkun.Liqueur.Tools.LsfGen", "Daramkun.Liqueur.Tools.LsfGen\Daramkun.Liqueur.Tools.LsfGen.csproj", "{0EDE153A-DA8C-42E0-B38B-3ABBBE569FD8}"
EndProject
Project("{2150E333-8FDC-42A3-9474-1A3956D46DE8}") = "Project Walnut", "Project Walnut", "{2A0088D8-9016-42F5-B3B6-D2E78CE0BBAB}"
EndProject
Project("{FAE04EC0-301F-11D3-BF4B-00C04F79EFBC}") = "Daramkun.Walnut.Core", "Daramkun.Walnut.Core\Daramkun.Walnut.Core.csproj", "{E474C557-F8FD-4D17-9387-BC634864665D}"
EndProject
Project("{FAE04EC0-301F-11D3-BF4B-00C04F79EFBC}") = "Daramkun.Walnut.Script.Ruby.Desktop", "Daramkun.Walnut.Script.Ruby.Desktop\Daramkun.Walnut.Script.Ruby.Desktop.csproj", "{92D799B9-AD7C-4923-B518-940B97165096}"
EndProject
Project("{FAE04EC0-301F-11D3-BF4B-00C04F79EFBC}") = "Daramkun.Walnut.Script.Ruby.WindowsPhone", "Daramkun.Walnut.Script.Ruby.WindowsPhone\Daramkun.Walnut.Script.Ruby.WindowsPhone.csproj", "{9A9DD6C6-FB5E-4857-936B-341C7F110681}"
EndProject
Project("{FAE04EC0-301F-11D3-BF4B-00C04F79EFBC}") = "Daramkun.Walnut.Script.Python.Desktop", "Daramkun.Walnut.Script.Python\Daramkun.Walnut.Script.Python.Desktop.csproj", "{A6B69977-930A-48B2-B608-5E29C2B45AB5}"
EndProject
Project("{2150E333-8FDC-42A3-9474-1A3956D46DE8}") = "Project Walnut Tools", "Project Walnut Tools", "{2882174C-6F84-4433-937B-2E00121FB2A3}"
EndProject
Project("{2150E333-8FDC-42A3-9474-1A3956D46DE8}") = "Test Projects (2)", "Test Projects (2)", "{B2C8B73C-1FA1-49AC-BAD6-8B4249ACFF81}"
EndProject
Project("{2150E333-8FDC-42A3-9474-1A3956D46DE8}") = "Project Liqueur (2)", "Project Liqueur (2)", "{CEF388A0-C880-45D9-AFDA-FA3D25B7B03D}"
EndProject
Project("{2150E333-8FDC-42A3-9474-1A3956D46DE8}") = "Project Liqueur Tools (2)", "Project Liqueur Tools (2)", "{21495BBC-E29F-4F3C-8028-ACA06A2C6663}"
EndProject
Project("{2150E333-8FDC-42A3-9474-1A3956D46DE8}") = "Project Walnut (2)", "Project Walnut (2)", "{E1EAFE65-64F7-43F7-8988-974EE6BDE5A1}"
EndProject
Project("{2150E333-8FDC-42A3-9474-1A3956D46DE8}") = "Project Walnut Tools (2)", "Project Walnut Tools (2)", "{29ABFC26-0BED-4AB1-B71C-3122AFE2F383}"
EndProject
Global
	GlobalSection(SolutionConfigurationPlatforms) = preSolution
		Debug|Any CPU = Debug|Any CPU
		Debug|ARM = Debug|ARM
		Debug|x64 = Debug|x64
		Debug|x86 = Debug|x86
		Release|Any CPU = Release|Any CPU
		Release|ARM = Release|ARM
		Release|x64 = Release|x64
		Release|x86 = Release|x86
	EndGlobalSection
	GlobalSection(ProjectConfigurationPlatforms) = postSolution
		{EC7CB821-7B35-4CD5-A43C-A2E2AEAC6FBF}.Debug|Any CPU.ActiveCfg = Debug|Any CPU
		{EC7CB821-7B35-4CD5-A43C-A2E2AEAC6FBF}.Debug|Any CPU.Build.0 = Debug|Any CPU
		{EC7CB821-7B35-4CD5-A43C-A2E2AEAC6FBF}.Debug|ARM.ActiveCfg = Debug|Any CPU
		{EC7CB821-7B35-4CD5-A43C-A2E2AEAC6FBF}.Debug|x64.ActiveCfg = Debug|Any CPU
		{EC7CB821-7B35-4CD5-A43C-A2E2AEAC6FBF}.Debug|x86.ActiveCfg = Debug|Any CPU
		{EC7CB821-7B35-4CD5-A43C-A2E2AEAC6FBF}.Release|Any CPU.ActiveCfg = Release|Any CPU
		{EC7CB821-7B35-4CD5-A43C-A2E2AEAC6FBF}.Release|Any CPU.Build.0 = Release|Any CPU
		{EC7CB821-7B35-4CD5-A43C-A2E2AEAC6FBF}.Release|ARM.ActiveCfg = Release|Any CPU
		{EC7CB821-7B35-4CD5-A43C-A2E2AEAC6FBF}.Release|x64.ActiveCfg = Release|Any CPU
		{EC7CB821-7B35-4CD5-A43C-A2E2AEAC6FBF}.Release|x86.ActiveCfg = Release|Any CPU
		{24D173E0-CAFD-43D5-B1B8-1C76C08421C1}.Debug|Any CPU.ActiveCfg = Debug|Any CPU
		{24D173E0-CAFD-43D5-B1B8-1C76C08421C1}.Debug|Any CPU.Build.0 = Debug|Any CPU
		{24D173E0-CAFD-43D5-B1B8-1C76C08421C1}.Debug|ARM.ActiveCfg = Debug|Any CPU
		{24D173E0-CAFD-43D5-B1B8-1C76C08421C1}.Debug|x64.ActiveCfg = Debug|Any CPU
		{24D173E0-CAFD-43D5-B1B8-1C76C08421C1}.Debug|x86.ActiveCfg = Debug|Any CPU
		{24D173E0-CAFD-43D5-B1B8-1C76C08421C1}.Release|Any CPU.ActiveCfg = Release|Any CPU
		{24D173E0-CAFD-43D5-B1B8-1C76C08421C1}.Release|Any CPU.Build.0 = Release|Any CPU
		{24D173E0-CAFD-43D5-B1B8-1C76C08421C1}.Release|ARM.ActiveCfg = Release|Any CPU
		{24D173E0-CAFD-43D5-B1B8-1C76C08421C1}.Release|x64.ActiveCfg = Release|Any CPU
		{24D173E0-CAFD-43D5-B1B8-1C76C08421C1}.Release|x86.ActiveCfg = Release|Any CPU
		{2B207CEC-300C-4E87-A1DB-75188B3D2F9A}.Debug|Any CPU.ActiveCfg = Debug|Any CPU
		{2B207CEC-300C-4E87-A1DB-75188B3D2F9A}.Debug|Any CPU.Build.0 = Debug|Any CPU
		{2B207CEC-300C-4E87-A1DB-75188B3D2F9A}.Debug|ARM.ActiveCfg = Debug|Any CPU
		{2B207CEC-300C-4E87-A1DB-75188B3D2F9A}.Debug|x64.ActiveCfg = Debug|Any CPU
		{2B207CEC-300C-4E87-A1DB-75188B3D2F9A}.Debug|x86.ActiveCfg = Debug|Any CPU
		{2B207CEC-300C-4E87-A1DB-75188B3D2F9A}.Release|Any CPU.ActiveCfg = Release|Any CPU
		{2B207CEC-300C-4E87-A1DB-75188B3D2F9A}.Release|Any CPU.Build.0 = Release|Any CPU
		{2B207CEC-300C-4E87-A1DB-75188B3D2F9A}.Release|ARM.ActiveCfg = Release|Any CPU
		{2B207CEC-300C-4E87-A1DB-75188B3D2F9A}.Release|x64.ActiveCfg = Release|Any CPU
		{2B207CEC-300C-4E87-A1DB-75188B3D2F9A}.Release|x86.ActiveCfg = Release|Any CPU
		{7F7FB677-C090-466E-8176-1AEC46DFB6E4}.Debug|Any CPU.ActiveCfg = Debug|Any CPU
		{7F7FB677-C090-466E-8176-1AEC46DFB6E4}.Debug|Any CPU.Build.0 = Debug|Any CPU
		{7F7FB677-C090-466E-8176-1AEC46DFB6E4}.Debug|ARM.ActiveCfg = Debug|Any CPU
		{7F7FB677-C090-466E-8176-1AEC46DFB6E4}.Debug|x64.ActiveCfg = Debug|Any CPU
		{7F7FB677-C090-466E-8176-1AEC46DFB6E4}.Debug|x86.ActiveCfg = Debug|Any CPU
		{7F7FB677-C090-466E-8176-1AEC46DFB6E4}.Release|Any CPU.ActiveCfg = Release|Any CPU
		{7F7FB677-C090-466E-8176-1AEC46DFB6E4}.Release|Any CPU.Build.0 = Release|Any CPU
		{7F7FB677-C090-466E-8176-1AEC46DFB6E4}.Release|ARM.ActiveCfg = Release|Any CPU
		{7F7FB677-C090-466E-8176-1AEC46DFB6E4}.Release|x64.ActiveCfg = Release|Any CPU
		{7F7FB677-C090-466E-8176-1AEC46DFB6E4}.Release|x86.ActiveCfg = Release|Any CPU
		{39AAA6B5-CD1C-4A4B-9B36-1198EB8F1200}.Debug|Any CPU.ActiveCfg = Debug|Any CPU
		{39AAA6B5-CD1C-4A4B-9B36-1198EB8F1200}.Debug|Any CPU.Build.0 = Debug|Any CPU
		{39AAA6B5-CD1C-4A4B-9B36-1198EB8F1200}.Debug|ARM.ActiveCfg = Debug|ARM
		{39AAA6B5-CD1C-4A4B-9B36-1198EB8F1200}.Debug|ARM.Build.0 = Debug|ARM
		{39AAA6B5-CD1C-4A4B-9B36-1198EB8F1200}.Debug|x64.ActiveCfg = Debug|x64
		{39AAA6B5-CD1C-4A4B-9B36-1198EB8F1200}.Debug|x64.Build.0 = Debug|x64
		{39AAA6B5-CD1C-4A4B-9B36-1198EB8F1200}.Debug|x86.ActiveCfg = Debug|x86
		{39AAA6B5-CD1C-4A4B-9B36-1198EB8F1200}.Debug|x86.Build.0 = Debug|x86
		{39AAA6B5-CD1C-4A4B-9B36-1198EB8F1200}.Release|Any CPU.ActiveCfg = Release|Any CPU
		{39AAA6B5-CD1C-4A4B-9B36-1198EB8F1200}.Release|Any CPU.Build.0 = Release|Any CPU
		{39AAA6B5-CD1C-4A4B-9B36-1198EB8F1200}.Release|ARM.ActiveCfg = Release|ARM
		{39AAA6B5-CD1C-4A4B-9B36-1198EB8F1200}.Release|ARM.Build.0 = Release|ARM
		{39AAA6B5-CD1C-4A4B-9B36-1198EB8F1200}.Release|x64.ActiveCfg = Release|x64
		{39AAA6B5-CD1C-4A4B-9B36-1198EB8F1200}.Release|x64.Build.0 = Release|x64
		{39AAA6B5-CD1C-4A4B-9B36-1198EB8F1200}.Release|x86.ActiveCfg = Release|x86
		{39AAA6B5-CD1C-4A4B-9B36-1198EB8F1200}.Release|x86.Build.0 = Release|x86
		{0EDE153A-DA8C-42E0-B38B-3ABBBE569FD8}.Debug|Any CPU.ActiveCfg = Debug|Any CPU
		{0EDE153A-DA8C-42E0-B38B-3ABBBE569FD8}.Debug|Any CPU.Build.0 = Debug|Any CPU
		{0EDE153A-DA8C-42E0-B38B-3ABBBE569FD8}.Debug|ARM.ActiveCfg = Debug|Any CPU
		{0EDE153A-DA8C-42E0-B38B-3ABBBE569FD8}.Debug|x64.ActiveCfg = Debug|Any CPU
		{0EDE153A-DA8C-42E0-B38B-3ABBBE569FD8}.Debug|x86.ActiveCfg = Debug|Any CPU
		{0EDE153A-DA8C-42E0-B38B-3ABBBE569FD8}.Release|Any CPU.ActiveCfg = Release|Any CPU
		{0EDE153A-DA8C-42E0-B38B-3ABBBE569FD8}.Release|Any CPU.Build.0 = Release|Any CPU
		{0EDE153A-DA8C-42E0-B38B-3ABBBE569FD8}.Release|ARM.ActiveCfg = Release|Any CPU
		{0EDE153A-DA8C-42E0-B38B-3ABBBE569FD8}.Release|x64.ActiveCfg = Release|Any CPU
		{0EDE153A-DA8C-42E0-B38B-3ABBBE569FD8}.Release|x86.ActiveCfg = Release|Any CPU
		{E474C557-F8FD-4D17-9387-BC634864665D}.Debug|Any CPU.ActiveCfg = Debug|Any CPU
		{E474C557-F8FD-4D17-9387-BC634864665D}.Debug|Any CPU.Build.0 = Debug|Any CPU
		{E474C557-F8FD-4D17-9387-BC634864665D}.Debug|ARM.ActiveCfg = Debug|Any CPU
		{E474C557-F8FD-4D17-9387-BC634864665D}.Debug|x64.ActiveCfg = Debug|Any CPU
		{E474C557-F8FD-4D17-9387-BC634864665D}.Debug|x86.ActiveCfg = Debug|Any CPU
		{E474C557-F8FD-4D17-9387-BC634864665D}.Release|Any CPU.ActiveCfg = Release|Any CPU
		{E474C557-F8FD-4D17-9387-BC634864665D}.Release|Any CPU.Build.0 = Release|Any CPU
		{E474C557-F8FD-4D17-9387-BC634864665D}.Release|ARM.ActiveCfg = Release|Any CPU
		{E474C557-F8FD-4D17-9387-BC634864665D}.Release|x64.ActiveCfg = Release|Any CPU
		{E474C557-F8FD-4D17-9387-BC634864665D}.Release|x86.ActiveCfg = Release|Any CPU
		{92D799B9-AD7C-4923-B518-940B97165096}.Debug|Any CPU.ActiveCfg = Debug|Any CPU
		{92D799B9-AD7C-4923-B518-940B97165096}.Debug|Any CPU.Build.0 = Debug|Any CPU
		{92D799B9-AD7C-4923-B518-940B97165096}.Debug|ARM.ActiveCfg = Debug|Any CPU
		{92D799B9-AD7C-4923-B518-940B97165096}.Debug|x64.ActiveCfg = Debug|Any CPU
		{92D799B9-AD7C-4923-B518-940B97165096}.Debug|x86.ActiveCfg = Debug|Any CPU
		{92D799B9-AD7C-4923-B518-940B97165096}.Release|Any CPU.ActiveCfg = Release|Any CPU
		{92D799B9-AD7C-4923-B518-940B97165096}.Release|Any CPU.Build.0 = Release|Any CPU
		{92D799B9-AD7C-4923-B518-940B97165096}.Release|ARM.ActiveCfg = Release|Any CPU
		{92D799B9-AD7C-4923-B518-940B97165096}.Release|x64.ActiveCfg = Release|Any CPU
		{92D799B9-AD7C-4923-B518-940B97165096}.Release|x86.ActiveCfg = Release|Any CPU
		{9A9DD6C6-FB5E-4857-936B-341C7F110681}.Debug|Any CPU.ActiveCfg = Debug|Any CPU
		{9A9DD6C6-FB5E-4857-936B-341C7F110681}.Debug|Any CPU.Build.0 = Debug|Any CPU
		{9A9DD6C6-FB5E-4857-936B-341C7F110681}.Debug|ARM.ActiveCfg = Debug|Any CPU
		{9A9DD6C6-FB5E-4857-936B-341C7F110681}.Debug|x64.ActiveCfg = Debug|Any CPU
		{9A9DD6C6-FB5E-4857-936B-341C7F110681}.Debug|x86.ActiveCfg = Debug|Any CPU
		{9A9DD6C6-FB5E-4857-936B-341C7F110681}.Release|Any CPU.ActiveCfg = Release|Any CPU
		{9A9DD6C6-FB5E-4857-936B-341C7F110681}.Release|Any CPU.Build.0 = Release|Any CPU
		{9A9DD6C6-FB5E-4857-936B-341C7F110681}.Release|ARM.ActiveCfg = Release|Any CPU
		{9A9DD6C6-FB5E-4857-936B-341C7F110681}.Release|x64.ActiveCfg = Release|Any CPU
		{9A9DD6C6-FB5E-4857-936B-341C7F110681}.Release|x86.ActiveCfg = Release|Any CPU
		{A6B69977-930A-48B2-B608-5E29C2B45AB5}.Debug|Any CPU.ActiveCfg = Debug|Any CPU
		{A6B69977-930A-48B2-B608-5E29C2B45AB5}.Debug|Any CPU.Build.0 = Debug|Any CPU
		{A6B69977-930A-48B2-B608-5E29C2B45AB5}.Debug|ARM.ActiveCfg = Debug|Any CPU
		{A6B69977-930A-48B2-B608-5E29C2B45AB5}.Debug|x64.ActiveCfg = Debug|Any CPU
		{A6B69977-930A-48B2-B608-5E29C2B45AB5}.Debug|x86.ActiveCfg = Debug|Any CPU
		{A6B69977-930A-48B2-B608-5E29C2B45AB5}.Release|Any CPU.ActiveCfg = Release|Any CPU
		{A6B69977-930A-48B2-B608-5E29C2B45AB5}.Release|Any CPU.Build.0 = Release|Any CPU
		{A6B69977-930A-48B2-B608-5E29C2B45AB5}.Release|ARM.ActiveCfg = Release|Any CPU
		{A6B69977-930A-48B2-B608-5E29C2B45AB5}.Release|x64.ActiveCfg = Release|Any CPU
		{A6B69977-930A-48B2-B608-5E29C2B45AB5}.Release|x86.ActiveCfg = Release|Any CPU
	EndGlobalSection
	GlobalSection(SolutionProperties) = preSolution
		HideSolutionNode = FALSE
	EndGlobalSection
	GlobalSection(NestedProjects) = preSolution
		{EC7CB821-7B35-4CD5-A43C-A2E2AEAC6FBF} = {BA15110C-D757-46D7-B54A-7C4AC8583E00}
		{24D173E0-CAFD-43D5-B1B8-1C76C08421C1} = {E79D6755-96EB-4D1A-AF91-E618D57861A1}
		{2B207CEC-300C-4E87-A1DB-75188B3D2F9A} = {E79D6755-96EB-4D1A-AF91-E618D57861A1}
		{7F7FB677-C090-466E-8176-1AEC46DFB6E4} = {E79D6755-96EB-4D1A-AF91-E618D57861A1}
		{39AAA6B5-CD1C-4A4B-9B36-1198EB8F1200} = {E79D6755-96EB-4D1A-AF91-E618D57861A1}
		{0EDE153A-DA8C-42E0-B38B-3ABBBE569FD8} = {0CD45BE8-C574-49A2-89CB-0C6B8A01F823}
		{E474C557-F8FD-4D17-9387-BC634864665D} = {2A0088D8-9016-42F5-B3B6-D2E78CE0BBAB}
		{92D799B9-AD7C-4923-B518-940B97165096} = {2A0088D8-9016-42F5-B3B6-D2E78CE0BBAB}
		{9A9DD6C6-FB5E-4857-936B-341C7F110681} = {2A0088D8-9016-42F5-B3B6-D2E78CE0BBAB}
		{A6B69977-930A-48B2-B608-5E29C2B45AB5} = {2A0088D8-9016-42F5-B3B6-D2E78CE0BBAB}
	EndGlobalSection
	GlobalSection(MonoDevelopProperties) = preSolution
		StartupItem = Test\Test.csproj
	EndGlobalSection
EndGlobal
